
Microsoft Visual Studio Solution File, Format Version 12.00
# Visual Studio Version 17
VisualStudioVersion = 17.3.32901.215
MinimumVisualStudioVersion = 10.0.40219.1
Project("{FAE04EC0-301F-11D3-BF4B-00C04F79EFBC}") = "PM2_P2Tarea2_2.Android", "PM2_P2Tarea2_2.Android\PM2_P2Tarea2_2.Android.csproj", "{DBF671DE-E9A5-4271-8DE8-ECE50C6C9CB5}"
EndProject
Project("{FAE04EC0-301F-11D3-BF4B-00C04F79EFBC}") = "PM2_P2Tarea2_2", "PM2_P2Tarea2_2\PM2_P2Tarea2_2.csproj", "{42B645C9-25D1-477D-AE8F-24314393CB26}"
EndProject
Global
	GlobalSection(SolutionConfigurationPlatforms) = preSolution
		Debug|Any CPU = Debug|Any CPU
		Release|Any CPU = Release|Any CPU
	EndGlobalSection
	GlobalSection(ProjectConfigurationPlatforms) = postSolution
		{DBF671DE-E9A5-4271-8DE8-ECE50C6C9CB5}.Debug|Any CPU.ActiveCfg = Debug|Any CPU
		{DBF671DE-E9A5-4271-8DE8-ECE50C6C9CB5}.Debug|Any CPU.Build.0 = Debug|Any CPU
		{DBF671DE-E9A5-4271-8DE8-ECE50C6C9CB5}.Debug|Any CPU.Deploy.0 = Debug|Any CPU
		{DBF671DE-E9A5-4271-8DE8-ECE50C6C9CB5}.Release|Any CPU.ActiveCfg = Release|Any CPU
		{DBF671DE-E9A5-4271-8DE8-ECE50C6C9CB5}.Release|Any CPU.Build.0 = Release|Any CPU
		{DBF671DE-E9A5-4271-8DE8-ECE50C6C9CB5}.Release|Any CPU.Deploy.0 = Release|Any CPU
		{42B645C9-25D1-477D-AE8F-24314393CB26}.Debug|Any CPU.ActiveCfg = Debug|Any CPU
		{42B645C9-25D1-477D-AE8F-24314393CB26}.Debug|Any CPU.Build.0 = Debug|Any CPU
		{42B645C9-25D1-477D-AE8F-24314393CB26}.Debug|Any CPU.Deploy.0 = Debug|Any CPU
		{42B645C9-25D1-477D-AE8F-24314393CB26}.Release|Any CPU.ActiveCfg = Release|Any CPU
		{42B645C9-25D1-477D-AE8F-24314393CB26}.Release|Any CPU.Build.0 = Release|Any CPU
		{42B645C9-25D1-477D-AE8F-24314393CB26}.Release|Any CPU.Deploy.0 = Release|Any CPU
	EndGlobalSection
	GlobalSection(SolutionProperties) = preSolution
		HideSolutionNode = FALSE
	EndGlobalSection
	GlobalSection(ExtensibilityGlobals) = postSolution
		SolutionGuid = {20DAD5D5-C5C3-4CD0-B592-651824B23E68}
	EndGlobalSection
EndGlobal
